// !$*UTF8*$!
{
	archiveVersion = 1;
	classes = {
	};
	objectVersion = 50;
	objects = {

/* Begin PBXBuildFile section */
		C640CADD23E89362000F935E /* AppDelegate.swift in Sources */ = {isa = PBXBuildFile; fileRef = C640CADC23E89362000F935E /* AppDelegate.swift */; };
		C640CADF23E89362000F935E /* SceneDelegate.swift in Sources */ = {isa = PBXBuildFile; fileRef = C640CADE23E89362000F935E /* SceneDelegate.swift */; };
		C640CAE623E89364000F935E /* Assets.xcassets in Resources */ = {isa = PBXBuildFile; fileRef = C640CAE523E89364000F935E /* Assets.xcassets */; };
		C640CAE923E89364000F935E /* LaunchScreen.storyboard in Resources */ = {isa = PBXBuildFile; fileRef = C640CAE723E89364000F935E /* LaunchScreen.storyboard */; };
		C640CAF123E89430000F935E /* GesturesTabController.swift in Sources */ = {isa = PBXBuildFile; fileRef = C640CAF023E89430000F935E /* GesturesTabController.swift */; };
		C640CAF323E89496000F935E /* TapGestureViewController.swift in Sources */ = {isa = PBXBuildFile; fileRef = C640CAF223E89496000F935E /* TapGestureViewController.swift */; };
		C640CAF523E894A9000F935E /* TapGesture.storyboard in Resources */ = {isa = PBXBuildFile; fileRef = C640CAF423E894A9000F935E /* TapGesture.storyboard */; };
		C640CAF723E894C2000F935E /* SwipeGestureViewController.swift in Sources */ = {isa = PBXBuildFile; fileRef = C640CAF623E894C2000F935E /* SwipeGestureViewController.swift */; };
		C640CAF923E894D5000F935E /* SwipeGesture.storyboard in Resources */ = {isa = PBXBuildFile; fileRef = C640CAF823E894D5000F935E /* SwipeGesture.storyboard */; };
/* End PBXBuildFile section */

/* Begin PBXFileReference section */
		C640CAD923E89362000F935E /* UIKit-Gestures.app */ = {isa = PBXFileReference; explicitFileType = wrapper.application; includeInIndex = 0; path = "UIKit-Gestures.app"; sourceTree = BUILT_PRODUCTS_DIR; };
		C640CADC23E89362000F935E /* AppDelegate.swift */ = {isa = PBXFileReference; lastKnownFileType = sourcecode.swift; path = AppDelegate.swift; sourceTree = "<group>"; };
		C640CADE23E89362000F935E /* SceneDelegate.swift */ = {isa = PBXFileReference; lastKnownFileType = sourcecode.swift; path = SceneDelegate.swift; sourceTree = "<group>"; };
		C640CAE523E89364000F935E /* Assets.xcassets */ = {isa = PBXFileReference; lastKnownFileType = folder.assetcatalog; path = Assets.xcassets; sourceTree = "<group>"; };
		C640CAE823E89364000F935E /* Base */ = {isa = PBXFileReference; lastKnownFileType = file.storyboard; name = Base; path = Base.lproj/LaunchScreen.storyboard; sourceTree = "<group>"; };
		C640CAEA23E89364000F935E /* Info.plist */ = {isa = PBXFileReference; lastKnownFileType = text.plist.xml; path = Info.plist; sourceTree = "<group>"; };
		C640CAF023E89430000F935E /* GesturesTabController.swift */ = {isa = PBXFileReference; lastKnownFileType = sourcecode.swift; path = GesturesTabController.swift; sourceTree = "<group>"; };
		C640CAF223E89496000F935E /* TapGestureViewController.swift */ = {isa = PBXFileReference; lastKnownFileType = sourcecode.swift; path = TapGestureViewController.swift; sourceTree = "<group>"; };
		C640CAF423E894A9000F935E /* TapGesture.storyboard */ = {isa = PBXFileReference; lastKnownFileType = file.storyboard; path = TapGesture.storyboard; sourceTree = "<group>"; };
		C640CAF623E894C2000F935E /* SwipeGestureViewController.swift */ = {isa = PBXFileReference; lastKnownFileType = sourcecode.swift; path = SwipeGestureViewController.swift; sourceTree = "<group>"; };
		C640CAF823E894D5000F935E /* SwipeGesture.storyboard */ = {isa = PBXFileReference; lastKnownFileType = file.storyboard; path = SwipeGesture.storyboard; sourceTree = "<group>"; };
/* End PBXFileReference section */

/* Begin PBXFrameworksBuildPhase section */
		C640CAD623E89362000F935E /* Frameworks */ = {
			isa = PBXFrameworksBuildPhase;
			buildActionMask = 2147483647;
			files = (
			);
			runOnlyForDeploymentPostprocessing = 0;
		};
/* End PBXFrameworksBuildPhase section */

/* Begin PBXGroup section */
		C640CAD023E89362000F935E = {
			isa = PBXGroup;
			children = (
				C640CADB23E89362000F935E /* UIKit-Gestures */,
				C640CADA23E89362000F935E /* Products */,
			);
			sourceTree = "<group>";
		};
		C640CADA23E89362000F935E /* Products */ = {
			isa = PBXGroup;
			children = (
				C640CAD923E89362000F935E /* UIKit-Gestures.app */,
			);
			name = Products;
			sourceTree = "<group>";
		};
		C640CADB23E89362000F935E /* UIKit-Gestures */ = {
			isa = PBXGroup;
			children = (
				C640CADC23E89362000F935E /* AppDelegate.swift */,
				C640CADE23E89362000F935E /* SceneDelegate.swift */,
				C640CAF023E89430000F935E /* GesturesTabController.swift */,
				C640CAF223E89496000F935E /* TapGestureViewController.swift */,
				C640CAF423E894A9000F935E /* TapGesture.storyboard */,
				C640CAF623E894C2000F935E /* SwipeGestureViewController.swift */,
				C640CAF823E894D5000F935E /* SwipeGesture.storyboard */,
				C640CAE523E89364000F935E /* Assets.xcassets */,
				C640CAE723E89364000F935E /* LaunchScreen.storyboard */,
				C640CAEA23E89364000F935E /* Info.plist */,
			);
			path = "UIKit-Gestures";
			sourceTree = "<group>";
		};
/* End PBXGroup section */

/* Begin PBXNativeTarget section */
		C640CAD823E89362000F935E /* UIKit-Gestures */ = {
			isa = PBXNativeTarget;
			buildConfigurationList = C640CAED23E89364000F935E /* Build configuration list for PBXNativeTarget "UIKit-Gestures" */;
			buildPhases = (
				C640CAD523E89362000F935E /* Sources */,
				C640CAD623E89362000F935E /* Frameworks */,
				C640CAD723E89362000F935E /* Resources */,
			);
			buildRules = (
			);
			dependencies = (
			);
			name = "UIKit-Gestures";
			productName = "UIKit-Gestures";
			productReference = C640CAD923E89362000F935E /* UIKit-Gestures.app */;
			productType = "com.apple.product-type.application";
		};
/* End PBXNativeTarget section */

/* Begin PBXProject section */
		C640CAD123E89362000F935E /* Project object */ = {
			isa = PBXProject;
			attributes = {
				LastSwiftUpdateCheck = 1130;
				LastUpgradeCheck = 1130;
				ORGANIZATIONNAME = "casandra grullon";
				TargetAttributes = {
					C640CAD823E89362000F935E = {
						CreatedOnToolsVersion = 11.3.1;
					};
				};
			};
			buildConfigurationList = C640CAD423E89362000F935E /* Build configuration list for PBXProject "UIKit-Gestures" */;
			compatibilityVersion = "Xcode 9.3";
			developmentRegion = en;
			hasScannedForEncodings = 0;
			knownRegions = (
				en,
				Base,
			);
			mainGroup = C640CAD023E89362000F935E;
			productRefGroup = C640CADA23E89362000F935E /* Products */;
			projectDirPath = "";
			projectRoot = "";
			targets = (
				C640CAD823E89362000F935E /* UIKit-Gestures */,
			);
		};
/* End PBXProject section */

/* Begin PBXResourcesBuildPhase section */
		C640CAD723E89362000F935E /* Resources */ = {
			isa = PBXResourcesBuildPhase;
			buildActionMask = 2147483647;
			files = (
				C640CAF523E894A9000F935E /* TapGesture.storyboard in Resources */,
				C640CAF923E894D5000F935E /* SwipeGesture.storyboard in Resources */,
				C640CAE923E89364000F935E /* LaunchScreen.storyboard in Resources */,
				C640CAE623E89364000F935E /* Assets.xcassets in Resources */,
			);
			runOnlyForDeploymentPostprocessing = 0;
		};
/* End PBXResourcesBuildPhase section */

/* Begin PBXSourcesBuildPhase section */
		C640CAD523E89362000F935E /* Sources */ = {
			isa = PBXSourcesBuildPhase;
			buildActionMask = 2147483647;
			files = (
				C640CAF723E894C2000F935E /* SwipeGestureViewController.swift in Sources */,
				C640CAF323E89496000F935E /* TapGestureViewController.swift in Sources */,
				C640CAF123E89430000F935E /* GesturesTabController.swift in Sources */,
				C640CADD23E89362000F935E /* AppDelegate.swift in Sources */,
				C640CADF23E89362000F935E /* SceneDelegate.swift in Sources */,
			);
			runOnlyForDeploymentPostprocessing = 0;
		};
/* End PBXSourcesBuildPhase section */

/* Begin PBXVariantGroup section */
		C640CAE723E89364000F935E /* LaunchScreen.storyboard */ = {
			isa = PBXVariantGroup;
			children = (
				C640CAE823E89364000F935E /* Base */,
			);
			name = LaunchScreen.storyboard;
			sourceTree = "<group>";
		};
/* End PBXVariantGroup section */

/* Begin XCBuildConfiguration section */
		C640CAEB23E89364000F935E /* Debug */ = {
			isa = XCBuildConfiguration;
			buildSettings = {
				ALWAYS_SEARCH_USER_PATHS = NO;
				CLANG_ANALYZER_NONNULL = YES;
				CLANG_ANALYZER_NUMBER_OBJECT_CONVERSION = YES_AGGRESSIVE;
				CLANG_CXX_LANGUAGE_STANDARD = "gnu++14";
				CLANG_CXX_LIBRARY = "libc++";
				CLANG_ENABLE_MODULES = YES;
				CLANG_ENABLE_OBJC_ARC = YES;
				CLANG_ENABLE_OBJC_WEAK = YES;
				CLANG_WARN_BLOCK_CAPTURE_AUTORELEASING = YES;
				CLANG_WARN_BOOL_CONVERSION = YES;
				CLANG_WARN_COMMA = YES;
				CLANG_WARN_CONSTANT_CONVERSION = YES;
				CLANG_WARN_DEPRECATED_OBJC_IMPLEMENTATIONS = YES;
				CLANG_WARN_DIRECT_OBJC_ISA_USAGE = YES_ERROR;
				CLANG_WARN_DOCUMENTATION_COMMENTS = YES;
				CLANG_WARN_EMPTY_BODY = YES;
				CLANG_WARN_ENUM_CONVERSION = YES;
				CLANG_WARN_INFINITE_RECURSION = YES;
				CLANG_WARN_INT_CONVERSION = YES;
				CLANG_WARN_NON_LITERAL_NULL_CONVERSION = YES;
				CLANG_WARN_OBJC_IMPLICIT_RETAIN_SELF = YES;
				CLANG_WARN_OBJC_LITERAL_CONVERSION = YES;
				CLANG_WARN_OBJC_ROOT_CLASS = YES_ERROR;
				CLANG_WARN_RANGE_LOOP_ANALYSIS = YES;
				CLANG_WARN_STRICT_PROTOTYPES = YES;
				CLANG_WARN_SUSPICIOUS_MOVE = YES;
				CLANG_WARN_UNGUARDED_AVAILABILITY = YES_AGGRESSIVE;
				CLANG_WARN_UNREACHABLE_CODE = YES;
				CLANG_WARN__DUPLICATE_METHOD_MATCH = YES;
				COPY_PHASE_STRIP = NO;
				DEBUG_INFORMATION_FORMAT = dwarf;
				ENABLE_STRICT_OBJC_MSGSEND = YES;
				ENABLE_TESTABILITY = YES;
				GCC_C_LANGUAGE_STANDARD = gnu11;
				GCC_DYNAMIC_NO_PIC = NO;
				GCC_NO_COMMON_BLOCKS = YES;
				GCC_OPTIMIZATION_LEVEL = 0;
				GCC_PREPROCESSOR_DEFINITIONS = (
					"DEBUG=1",
					"$(inherited)",
				);
				GCC_WARN_64_TO_32_BIT_CONVERSION = YES;
				GCC_WARN_ABOUT_RETURN_TYPE = YES_ERROR;
				GCC_WARN_UNDECLARED_SELECTOR = YES;
				GCC_WARN_UNINITIALIZED_AUTOS = YES_AGGRESSIVE;
				GCC_WARN_UNUSED_FUNCTION = YES;
				GCC_WARN_UNUSED_VARIABLE = YES;
				IPHONEOS_DEPLOYMENT_TARGET = 13.2;
				MTL_ENABLE_DEBUG_INFO = INCLUDE_SOURCE;
				MTL_FAST_MATH = YES;
				ONLY_ACTIVE_ARCH = YES;
				SDKROOT = iphoneos;
				SWIFT_ACTIVE_COMPILATION_CONDITIONS = DEBUG;
				SWIFT_OPTIMIZATION_LEVEL = "-Onone";
			};
			name = Debug;
		};
		C640CAEC23E89364000F935E /* Release */ = {
			isa = XCBuildConfiguration;
			buildSettings = {
				ALWAYS_SEARCH_USER_PATHS = NO;
				CLANG_ANALYZER_NONNULL = YES;
				CLANG_ANALYZER_NUMBER_OBJECT_CONVERSION = YES_AGGRESSIVE;
				CLANG_CXX_LANGUAGE_STANDARD = "gnu++14";
				CLANG_CXX_LIBRARY = "libc++";
				CLANG_ENABLE_MODULES = YES;
				CLANG_ENABLE_OBJC_ARC = YES;
				CLANG_ENABLE_OBJC_WEAK = YES;
				CLANG_WARN_BLOCK_CAPTURE_AUTORELEASING = YES;
				CLANG_WARN_BOOL_CONVERSION = YES;
				CLANG_WARN_COMMA = YES;
				CLANG_WARN_CONSTANT_CONVERSION = YES;
				CLANG_WARN_DEPRECATED_OBJC_IMPLEMENTATIONS = YES;
				CLANG_WARN_DIRECT_OBJC_ISA_USAGE = YES_ERROR;
				CLANG_WARN_DOCUMENTATION_COMMENTS = YES;
				CLANG_WARN_EMPTY_BODY = YES;
				CLANG_WARN_ENUM_CONVERSION = YES;
				CLANG_WARN_INFINITE_RECURSION = YES;
				CLANG_WARN_INT_CONVERSION = YES;
				CLANG_WARN_NON_LITERAL_NULL_CONVERSION = YES;
				CLANG_WARN_OBJC_IMPLICIT_RETAIN_SELF = YES;
				CLANG_WARN_OBJC_LITERAL_CONVERSION = YES;
				CLANG_WARN_OBJC_ROOT_CLASS = YES_ERROR;
				CLANG_WARN_RANGE_LOOP_ANALYSIS = YES;
				CLANG_WARN_STRICT_PROTOTYPES = YES;
				CLANG_WARN_SUSPICIOUS_MOVE = YES;
				CLANG_WARN_UNGUARDED_AVAILABILITY = YES_AGGRESSIVE;
				CLANG_WARN_UNREACHABLE_CODE = YES;
				CLANG_WARN__DUPLICATE_METHOD_MATCH = YES;
				COPY_PHASE_STRIP = NO;
				DEBUG_INFORMATION_FORMAT = "dwarf-with-dsym";
				ENABLE_NS_ASSERTIONS = NO;
				ENABLE_STRICT_OBJC_MSGSEND = YES;
				GCC_C_LANGUAGE_STANDARD = gnu11;
				GCC_NO_COMMON_BLOCKS = YES;
				GCC_WARN_64_TO_32_BIT_CONVERSION = YES;
				GCC_WARN_ABOUT_RETURN_TYPE = YES_ERROR;
				GCC_WARN_UNDECLARED_SELECTOR = YES;
				GCC_WARN_UNINITIALIZED_AUTOS = YES_AGGRESSIVE;
				GCC_WARN_UNUSED_FUNCTION = YES;
				GCC_WARN_UNUSED_VARIABLE = YES;
				IPHONEOS_DEPLOYMENT_TARGET = 13.2;
				MTL_ENABLE_DEBUG_INFO = NO;
				MTL_FAST_MATH = YES;
				SDKROOT = iphoneos;
				SWIFT_COMPILATION_MODE = wholemodule;
				SWIFT_OPTIMIZATION_LEVEL = "-O";
				VALIDATE_PRODUCT = YES;
			};
			name = Release;
		};
		C640CAEE23E89364000F935E /* Debug */ = {
			isa = XCBuildConfiguration;
			buildSettings = {
				ASSETCATALOG_COMPILER_APPICON_NAME = AppIcon;
				CODE_SIGN_STYLE = Automatic;
				DEVELOPMENT_TEAM = JRUP55ZMLQ;
				INFOPLIST_FILE = "UIKit-Gestures/Info.plist";
				LD_RUNPATH_SEARCH_PATHS = (
					"$(inherited)",
					"@executable_path/Frameworks",
				);
				PRODUCT_BUNDLE_IDENTIFIER = "com.casandragrullon.UIKit-Gestures";
				PRODUCT_NAME = "$(TARGET_NAME)";
				SWIFT_VERSION = 5.0;
				TARGETED_DEVICE_FAMILY = "1,2";
			};
			name = Debug;
		};
		C640CAEF23E89364000F935E /* Release */ = {
			isa = XCBuildConfiguration;
			buildSettings = {
				ASSETCATALOG_COMPILER_APPICON_NAME = AppIcon;
				CODE_SIGN_STYLE = Automatic;
				DEVELOPMENT_TEAM = JRUP55ZMLQ;
				INFOPLIST_FILE = "UIKit-Gestures/Info.plist";
				LD_RUNPATH_SEARCH_PATHS = (
					"$(inherited)",
					"@executable_path/Frameworks",
				);
				PRODUCT_BUNDLE_IDENTIFIER = "com.casandragrullon.UIKit-Gestures";
				PRODUCT_NAME = "$(TARGET_NAME)";
				SWIFT_VERSION = 5.0;
				TARGETED_DEVICE_FAMILY = "1,2";
			};
			name = Release;
		};
/* End XCBuildConfiguration section */

/* Begin XCConfigurationList section */
		C640CAD423E89362000F935E /* Build configuration list for PBXProject "UIKit-Gestures" */ = {
			isa = XCConfigurationList;
			buildConfigurations = (
				C640CAEB23E89364000F935E /* Debug */,
				C640CAEC23E89364000F935E /* Release */,
			);
			defaultConfigurationIsVisible = 0;
			defaultConfigurationName = Release;
		};
		C640CAED23E89364000F935E /* Build configuration list for PBXNativeTarget "UIKit-Gestures" */ = {
			isa = XCConfigurationList;
			buildConfigurations = (
				C640CAEE23E89364000F935E /* Debug */,
				C640CAEF23E89364000F935E /* Release */,
			);
			defaultConfigurationIsVisible = 0;
			defaultConfigurationName = Release;
		};
/* End XCConfigurationList section */
	};
	rootObject = C640CAD123E89362000F935E /* Project object */;
}
